<?xml version="1.0" encoding="utf-8"?>
<Project ToolsVersion="16.0" xmlns="http://schemas.microsoft.com/developer/msbuild/2003">
  <ItemGroup>
    <ClCompile Include="C:\Users\user1\source\repos\Jerdikk\Strates\src\application.cpp">
      <Filter>Source Files</Filter>
    </ClCompile>
    <ClCompile Include="C:\Users\user1\source\repos\Jerdikk\Strates\src\fow.cpp">
      <Filter>Source Files</Filter>
    </ClCompile>
    <ClCompile Include="C:\Users\user1\source\repos\Jerdikk\Strates\src\techTree.cpp">
      <Filter>Source Files</Filter>
    </ClCompile>
    <ClCompile Include="C:\Users\user1\source\repos\Jerdikk\Strates\src\building.cpp">
      <Filter>Source Files</Filter>
    </ClCompile>
    <ClCompile Include="C:\Users\user1\source\repos\Jerdikk\Strates\src\game.cpp">
      <Filter>Source Files</Filter>
    </ClCompile>
    <ClCompile Include="C:\Users\user1\source\repos\Jerdikk\Strates\src\map.cpp">
      <Filter>Source Files</Filter>
    </ClCompile>
    <ClCompile Include="C:\Users\user1\source\repos\Jerdikk\Strates\src\tileMap.cpp">
      <Filter>Source Files</Filter>
    </ClCompile>
    <ClCompile Include="C:\Users\user1\source\repos\Jerdikk\Strates\src\config.cpp">
      <Filter>Source Files</Filter>
    </ClCompile>
    <ClCompile Include="C:\Users\user1\source\repos\Jerdikk\Strates\src\gameScreen.cpp">
      <Filter>Source Files</Filter>
    </ClCompile>
    <ClCompile Include="C:\Users\user1\source\repos\Jerdikk\Strates\src\menuScreen.cpp">
      <Filter>Source Files</Filter>
    </ClCompile>
    <ClCompile Include="C:\Users\user1\source\repos\Jerdikk\Strates\src\unit.cpp">
      <Filter>Source Files</Filter>
    </ClCompile>
    <ClCompile Include="C:\Users\user1\source\repos\Jerdikk\Strates\src\cursor.cpp">
      <Filter>Source Files</Filter>
    </ClCompile>
    <ClCompile Include="C:\Users\user1\source\repos\Jerdikk\Strates\src\hud.cpp">
      <Filter>Source Files</Filter>
    </ClCompile>
    <ClCompile Include="C:\Users\user1\source\repos\Jerdikk\Strates\src\mouseEvent.cpp">
      <Filter>Source Files</Filter>
    </ClCompile>
    <ClCompile Include="C:\Users\user1\source\repos\Jerdikk\Strates\src\utils.cpp">
      <Filter>Source Files</Filter>
    </ClCompile>
    <ClCompile Include="C:\Users\user1\source\repos\Jerdikk\Strates\src\entity.cpp">
      <Filter>Source Files</Filter>
    </ClCompile>
    <ClCompile Include="C:\Users\user1\source\repos\Jerdikk\Strates\src\hudPanel.cpp">
      <Filter>Source Files</Filter>
    </ClCompile>
    <ClCompile Include="C:\Users\user1\source\repos\Jerdikk\Strates\src\player.cpp">
      <Filter>Source Files</Filter>
    </ClCompile>
    <ClCompile Include="C:\Users\user1\source\repos\Jerdikk\Strates\src\widget.cpp">
      <Filter>Source Files</Filter>
    </ClCompile>
    <ClCompile Include="C:\Users\user1\source\repos\Jerdikk\Strates\src\event.cpp">
      <Filter>Source Files</Filter>
    </ClCompile>
    <ClCompile Include="C:\Users\user1\source\repos\Jerdikk\Strates\src\imageManager.cpp">
      <Filter>Source Files</Filter>
    </ClCompile>
    <ClCompile Include="C:\Users\user1\source\repos\Jerdikk\Strates\src\screen.cpp">
      <Filter>Source Files</Filter>
    </ClCompile>
    <ClCompile Include="C:\Users\user1\source\repos\Jerdikk\Strates\src\ai.cpp">
      <Filter>Source Files</Filter>
    </ClCompile>
    <ClCompile Include="C:\Users\user1\source\repos\Jerdikk\Strates\src\action.cpp">
      <Filter>Source Files</Filter>
    </ClCompile>
    <ClCompile Include="C:\Users\user1\source\repos\Jerdikk\Strates\src\actionWait.cpp">
      <Filter>Source Files</Filter>
    </ClCompile>
    <ClCompile Include="C:\Users\user1\source\repos\Jerdikk\Strates\src\actionQueue.cpp">
      <Filter>Source Files</Filter>
    </ClCompile>
    <ClCompile Include="C:\Users\user1\source\repos\Jerdikk\Strates\src\actionMove.cpp">
      <Filter>Source Files</Filter>
    </ClCompile>
    <ClCompile Include="C:\Users\user1\source\repos\Jerdikk\Strates\src\playerColor.cpp">
      <Filter>Source Files</Filter>
    </ClCompile>
    <ClCompile Include="C:\Users\user1\source\repos\Jerdikk\Strates\src\spriteManager.cpp">
      <Filter>Source Files</Filter>
    </ClCompile>
  </ItemGroup>
  <ItemGroup>
    <CustomBuild Include="C:\Users\user1\source\repos\Jerdikk\Strates\CMakeLists.txt" />
  </ItemGroup>
  <ItemGroup>
    <Filter Include="Source Files">
      <UniqueIdentifier>{7BA439BC-CB27-38A9-BC69-87130AC289C5}</UniqueIdentifier>
    </Filter>
  </ItemGroup>
</Project>
