<?xml version="1.0" encoding="utf-8"?>
<Project ToolsVersion="16.0" xmlns="http://schemas.microsoft.com/developer/msbuild/2003">
  <ItemGroup>
    <ClCompile Include="C:\Users\user1\source\repos\Jerdikk\Strates\src\JSON\JSON.cpp">
      <Filter>Source Files</Filter>
    </ClCompile>
    <ClCompile Include="C:\Users\user1\source\repos\Jerdikk\Strates\src\JSON\JSONValue.cpp">
      <Filter>Source Files</Filter>
    </ClCompile>
  </ItemGroup>
  <ItemGroup>
    <CustomBuild Include="C:\Users\user1\source\repos\Jerdikk\Strates\CMakeLists.txt" />
  </ItemGroup>
  <ItemGroup>
    <Filter Include="Source Files">
      <UniqueIdentifier>{7BA439BC-CB27-38A9-BC69-87130AC289C5}</UniqueIdentifier>
    </Filter>
  </ItemGroup>
</Project>
